
Microsoft Visual Studio Solution File, Format Version 12.00
# Visual Studio Version 17
VisualStudioVersion = 17.0.31903.59
MinimumVisualStudioVersion = 10.0.40219.1
Project("{FAE04EC0-301F-11D3-BF4B-00C04F79EFBC}") = "Blip.IncidentManager.API", "Blip.IncidentManager.API\Blip.IncidentManager.API.csproj", "{A0359593-66ED-41F4-9E3D-AB142EA9B144}"
EndProject
Project("{FAE04EC0-301F-11D3-BF4B-00C04F79EFBC}") = "Blip.IncidentManager.Application", "Blip.IncidentManager.Application\Blip.IncidentManager.Application.csproj", "{7D65E64B-7F76-410C-A408-E3727F4C5CC2}"
EndProject
Project("{FAE04EC0-301F-11D3-BF4B-00C04F79EFBC}") = "Blip.IncidentManager.Domain", "Blip.IncidentManager.Domain\Blip.IncidentManager.Domain.csproj", "{5A570B09-1E05-4412-9FA7-ED4B1CD9E941}"
EndProject
Project("{FAE04EC0-301F-11D3-BF4B-00C04F79EFBC}") = "Blip.IncidentManager.Infrastructure", "Blip.IncidentManager.Infrastructure\Blip.IncidentManager.Infrastructure.csproj", "{54242DEC-B0BC-4BF2-BE3D-A1583C5C89B7}"
EndProject
Project("{FAE04EC0-301F-11D3-BF4B-00C04F79EFBC}") = "Blip.IncidentManager.Persistence", "Blip.IncidentManager.Persistence\Blip.IncidentManager.Persistence.csproj", "{114F797E-177B-4E4C-BE42-0E345100A133}"
EndProject
Project("{FAE04EC0-301F-11D3-BF4B-00C04F79EFBC}") = "Blip.IncidentManager.Tests", "Blip.IncidentManager.Tests\Blip.IncidentManager.Tests.csproj", "{8AFA64E8-B578-47E2-BAC2-AE88390E650F}"
EndProject
Global
	GlobalSection(SolutionConfigurationPlatforms) = preSolution
		Debug|Any CPU = Debug|Any CPU
		Debug|x64 = Debug|x64
		Debug|x86 = Debug|x86
		Release|Any CPU = Release|Any CPU
		Release|x64 = Release|x64
		Release|x86 = Release|x86
	EndGlobalSection
	GlobalSection(ProjectConfigurationPlatforms) = postSolution
		{A0359593-66ED-41F4-9E3D-AB142EA9B144}.Debug|Any CPU.ActiveCfg = Debug|Any CPU
		{A0359593-66ED-41F4-9E3D-AB142EA9B144}.Debug|Any CPU.Build.0 = Debug|Any CPU
		{A0359593-66ED-41F4-9E3D-AB142EA9B144}.Debug|x64.ActiveCfg = Debug|Any CPU
		{A0359593-66ED-41F4-9E3D-AB142EA9B144}.Debug|x64.Build.0 = Debug|Any CPU
		{A0359593-66ED-41F4-9E3D-AB142EA9B144}.Debug|x86.ActiveCfg = Debug|Any CPU
		{A0359593-66ED-41F4-9E3D-AB142EA9B144}.Debug|x86.Build.0 = Debug|Any CPU
		{A0359593-66ED-41F4-9E3D-AB142EA9B144}.Release|Any CPU.ActiveCfg = Release|Any CPU
		{A0359593-66ED-41F4-9E3D-AB142EA9B144}.Release|Any CPU.Build.0 = Release|Any CPU
		{A0359593-66ED-41F4-9E3D-AB142EA9B144}.Release|x64.ActiveCfg = Release|Any CPU
		{A0359593-66ED-41F4-9E3D-AB142EA9B144}.Release|x64.Build.0 = Release|Any CPU
		{A0359593-66ED-41F4-9E3D-AB142EA9B144}.Release|x86.ActiveCfg = Release|Any CPU
		{A0359593-66ED-41F4-9E3D-AB142EA9B144}.Release|x86.Build.0 = Release|Any CPU
		{7D65E64B-7F76-410C-A408-E3727F4C5CC2}.Debug|Any CPU.ActiveCfg = Debug|Any CPU
		{7D65E64B-7F76-410C-A408-E3727F4C5CC2}.Debug|Any CPU.Build.0 = Debug|Any CPU
		{7D65E64B-7F76-410C-A408-E3727F4C5CC2}.Debug|x64.ActiveCfg = Debug|Any CPU
		{7D65E64B-7F76-410C-A408-E3727F4C5CC2}.Debug|x64.Build.0 = Debug|Any CPU
		{7D65E64B-7F76-410C-A408-E3727F4C5CC2}.Debug|x86.ActiveCfg = Debug|Any CPU
		{7D65E64B-7F76-410C-A408-E3727F4C5CC2}.Debug|x86.Build.0 = Debug|Any CPU
		{7D65E64B-7F76-410C-A408-E3727F4C5CC2}.Release|Any CPU.ActiveCfg = Release|Any CPU
		{7D65E64B-7F76-410C-A408-E3727F4C5CC2}.Release|Any CPU.Build.0 = Release|Any CPU
		{7D65E64B-7F76-410C-A408-E3727F4C5CC2}.Release|x64.ActiveCfg = Release|Any CPU
		{7D65E64B-7F76-410C-A408-E3727F4C5CC2}.Release|x64.Build.0 = Release|Any CPU
		{7D65E64B-7F76-410C-A408-E3727F4C5CC2}.Release|x86.ActiveCfg = Release|Any CPU
		{7D65E64B-7F76-410C-A408-E3727F4C5CC2}.Release|x86.Build.0 = Release|Any CPU
		{5A570B09-1E05-4412-9FA7-ED4B1CD9E941}.Debug|Any CPU.ActiveCfg = Debug|Any CPU
		{5A570B09-1E05-4412-9FA7-ED4B1CD9E941}.Debug|Any CPU.Build.0 = Debug|Any CPU
		{5A570B09-1E05-4412-9FA7-ED4B1CD9E941}.Debug|x64.ActiveCfg = Debug|Any CPU
		{5A570B09-1E05-4412-9FA7-ED4B1CD9E941}.Debug|x64.Build.0 = Debug|Any CPU
		{5A570B09-1E05-4412-9FA7-ED4B1CD9E941}.Debug|x86.ActiveCfg = Debug|Any CPU
		{5A570B09-1E05-4412-9FA7-ED4B1CD9E941}.Debug|x86.Build.0 = Debug|Any CPU
		{5A570B09-1E05-4412-9FA7-ED4B1CD9E941}.Release|Any CPU.ActiveCfg = Release|Any CPU
		{5A570B09-1E05-4412-9FA7-ED4B1CD9E941}.Release|Any CPU.Build.0 = Release|Any CPU
		{5A570B09-1E05-4412-9FA7-ED4B1CD9E941}.Release|x64.ActiveCfg = Release|Any CPU
		{5A570B09-1E05-4412-9FA7-ED4B1CD9E941}.Release|x64.Build.0 = Release|Any CPU
		{5A570B09-1E05-4412-9FA7-ED4B1CD9E941}.Release|x86.ActiveCfg = Release|Any CPU
		{5A570B09-1E05-4412-9FA7-ED4B1CD9E941}.Release|x86.Build.0 = Release|Any CPU
		{54242DEC-B0BC-4BF2-BE3D-A1583C5C89B7}.Debug|Any CPU.ActiveCfg = Debug|Any CPU
		{54242DEC-B0BC-4BF2-BE3D-A1583C5C89B7}.Debug|Any CPU.Build.0 = Debug|Any CPU
		{54242DEC-B0BC-4BF2-BE3D-A1583C5C89B7}.Debug|x64.ActiveCfg = Debug|Any CPU
		{54242DEC-B0BC-4BF2-BE3D-A1583C5C89B7}.Debug|x64.Build.0 = Debug|Any CPU
		{54242DEC-B0BC-4BF2-BE3D-A1583C5C89B7}.Debug|x86.ActiveCfg = Debug|Any CPU
		{54242DEC-B0BC-4BF2-BE3D-A1583C5C89B7}.Debug|x86.Build.0 = Debug|Any CPU
		{54242DEC-B0BC-4BF2-BE3D-A1583C5C89B7}.Release|Any CPU.ActiveCfg = Release|Any CPU
		{54242DEC-B0BC-4BF2-BE3D-A1583C5C89B7}.Release|Any CPU.Build.0 = Release|Any CPU
		{54242DEC-B0BC-4BF2-BE3D-A1583C5C89B7}.Release|x64.ActiveCfg = Release|Any CPU
		{54242DEC-B0BC-4BF2-BE3D-A1583C5C89B7}.Release|x64.Build.0 = Release|Any CPU
		{54242DEC-B0BC-4BF2-BE3D-A1583C5C89B7}.Release|x86.ActiveCfg = Release|Any CPU
		{54242DEC-B0BC-4BF2-BE3D-A1583C5C89B7}.Release|x86.Build.0 = Release|Any CPU
		{114F797E-177B-4E4C-BE42-0E345100A133}.Debug|Any CPU.ActiveCfg = Debug|Any CPU
		{114F797E-177B-4E4C-BE42-0E345100A133}.Debug|Any CPU.Build.0 = Debug|Any CPU
		{114F797E-177B-4E4C-BE42-0E345100A133}.Debug|x64.ActiveCfg = Debug|Any CPU
		{114F797E-177B-4E4C-BE42-0E345100A133}.Debug|x64.Build.0 = Debug|Any CPU
		{114F797E-177B-4E4C-BE42-0E345100A133}.Debug|x86.ActiveCfg = Debug|Any CPU
		{114F797E-177B-4E4C-BE42-0E345100A133}.Debug|x86.Build.0 = Debug|Any CPU
		{114F797E-177B-4E4C-BE42-0E345100A133}.Release|Any CPU.ActiveCfg = Release|Any CPU
		{114F797E-177B-4E4C-BE42-0E345100A133}.Release|Any CPU.Build.0 = Release|Any CPU
		{114F797E-177B-4E4C-BE42-0E345100A133}.Release|x64.ActiveCfg = Release|Any CPU
		{114F797E-177B-4E4C-BE42-0E345100A133}.Release|x64.Build.0 = Release|Any CPU
		{114F797E-177B-4E4C-BE42-0E345100A133}.Release|x86.ActiveCfg = Release|Any CPU
		{114F797E-177B-4E4C-BE42-0E345100A133}.Release|x86.Build.0 = Release|Any CPU
		{8AFA64E8-B578-47E2-BAC2-AE88390E650F}.Debug|Any CPU.ActiveCfg = Debug|Any CPU
		{8AFA64E8-B578-47E2-BAC2-AE88390E650F}.Debug|Any CPU.Build.0 = Debug|Any CPU
		{8AFA64E8-B578-47E2-BAC2-AE88390E650F}.Debug|x64.ActiveCfg = Debug|Any CPU
		{8AFA64E8-B578-47E2-BAC2-AE88390E650F}.Debug|x64.Build.0 = Debug|Any CPU
		{8AFA64E8-B578-47E2-BAC2-AE88390E650F}.Debug|x86.ActiveCfg = Debug|Any CPU
		{8AFA64E8-B578-47E2-BAC2-AE88390E650F}.Debug|x86.Build.0 = Debug|Any CPU
		{8AFA64E8-B578-47E2-BAC2-AE88390E650F}.Release|Any CPU.ActiveCfg = Release|Any CPU
		{8AFA64E8-B578-47E2-BAC2-AE88390E650F}.Release|Any CPU.Build.0 = Release|Any CPU
		{8AFA64E8-B578-47E2-BAC2-AE88390E650F}.Release|x64.ActiveCfg = Release|Any CPU
		{8AFA64E8-B578-47E2-BAC2-AE88390E650F}.Release|x64.Build.0 = Release|Any CPU
		{8AFA64E8-B578-47E2-BAC2-AE88390E650F}.Release|x86.ActiveCfg = Release|Any CPU
		{8AFA64E8-B578-47E2-BAC2-AE88390E650F}.Release|x86.Build.0 = Release|Any CPU
	EndGlobalSection
	GlobalSection(SolutionProperties) = preSolution
		HideSolutionNode = FALSE
	EndGlobalSection
EndGlobal
